
Microsoft Visual Studio Solution File, Format Version 12.00
# Visual Studio Version 16
VisualStudioVersion = 16.0.35706.149
MinimumVisualStudioVersion = 10.0.40219.1
Project("{FAE04EC0-301F-11D3-BF4B-00C04F79EFBC}") = "KrishiSadhana", "KrishiSadhana.csproj", "{2FA1CE2A-ED80-4308-9958-27F05654DAC4}"
EndProject
Global
	GlobalSection(SolutionConfigurationPlatforms) = preSolution
		Debug|Any CPU = Debug|Any CPU
		Release|Any CPU = Release|Any CPU
	EndGlobalSection
	GlobalSection(ProjectConfigurationPlatforms) = postSolution
		{2FA1CE2A-ED80-4308-9958-27F05654DAC4}.Debug|Any CPU.ActiveCfg = Debug|Any CPU
		{2FA1CE2A-ED80-4308-9958-27F05654DAC4}.Debug|Any CPU.Build.0 = Debug|Any CPU
		{2FA1CE2A-ED80-4308-9958-27F05654DAC4}.Release|Any CPU.ActiveCfg = Release|Any CPU
		{2FA1CE2A-ED80-4308-9958-27F05654DAC4}.Release|Any CPU.Build.0 = Release|Any CPU
	EndGlobalSection
	GlobalSection(SolutionProperties) = preSolution
		HideSolutionNode = FALSE
	EndGlobalSection
	GlobalSection(ExtensibilityGlobals) = postSolution
		SolutionGuid = {89E047AA-C534-4483-9B1D-BEC486F5D3A6}
	EndGlobalSection
EndGlobal
